# This file is automatically @generated by Cargo.
# It is not intended for manual editing.
version = 4

[[package]]
name = "compute"
version = "0.1.0"
dependencies = [
 "foundation",
 "layers",
 "scene",
]

[[package]]
name = "formats"
version = "0.1.0"
dependencies = [
 "foundation",
 "scene",
]

[[package]]
name = "foundation"
version = "0.1.0"

[[package]]
name = "gpu"
version = "0.1.0"
dependencies = [
 "foundation",
 "runtime",
]

[[package]]
name = "layers"
version = "0.1.0"
dependencies = [
 "foundation",
 "gpu",
 "scene",
 "streaming",
]

[[package]]
name = "runtime"
version = "0.1.0"
dependencies = [
 "foundation",
]

[[package]]
name = "scene"
version = "0.1.0"
dependencies = [
 "foundation",
 "runtime",
]

[[package]]
name = "streaming"
version = "0.1.0"
dependencies = [
 "foundation",
 "runtime",
 "scene",
]

[[package]]
name = "tools"
version = "0.1.0"
dependencies = [
 "formats",
 "foundation",
 "scene",
]

[[package]]
name = "viewer_native"
version = "0.1.0"
dependencies = [
 "compute",
 "formats",
 "foundation",
 "gpu",
 "layers",
 "runtime",
 "scene",
 "streaming",
]

[[package]]
name = "viewer_web"
version = "0.1.0"
dependencies = [
 "compute",
 "formats",
 "foundation",
 "gpu",
 "layers",
 "runtime",
 "scene",
 "streaming",
]
